
Microsoft Visual Studio Solution File, Format Version 12.00
# Visual Studio Version 17
VisualStudioVersion = 17.14.36401.2 d17.14
MinimumVisualStudioVersion = 10.0.40219.1
Project("{888888A0-9F3D-457C-B088-3A5042F75D52}") = "velouria", "velouria.pyproj", "{330D2566-4BD0-4F29-B6D7-2ACC2F268B9D}"
EndProject
Global
	GlobalSection(SolutionConfigurationPlatforms) = preSolution
		Debug|Any CPU = Debug|Any CPU
		Release|Any CPU = Release|Any CPU
	EndGlobalSection
	GlobalSection(ProjectConfigurationPlatforms) = postSolution
		{330D2566-4BD0-4F29-B6D7-2ACC2F268B9D}.Debug|Any CPU.ActiveCfg = Debug|Any CPU
		{330D2566-4BD0-4F29-B6D7-2ACC2F268B9D}.Release|Any CPU.ActiveCfg = Release|Any CPU
	EndGlobalSection
	GlobalSection(SolutionProperties) = preSolution
		HideSolutionNode = FALSE
	EndGlobalSection
	GlobalSection(ExtensibilityGlobals) = postSolution
		SolutionGuid = {CC07E56B-5950-4240-9960-CD019A4C2E1B}
	EndGlobalSection
EndGlobal
